
Microsoft Visual Studio Solution File, Format Version 12.00
# Visual Studio 15
VisualStudioVersion = 15.0.28010.2046
MinimumVisualStudioVersion = 10.0.40219.1
Project("{9A19103F-16F7-4668-BE54-9A1E7A4F7556}") = "WFLite.RestSharp", "src\WFLite.RestSharp\WFLite.RestSharp.csproj", "{13EF6D3C-A2B2-4DA9-99A0-C6B688E61F4E}"
EndProject
Project("{FAE04EC0-301F-11D3-BF4B-00C04F79EFBC}") = "WFLite.RestSharp.HelloWorld", "examples\WFLite.RestSharp.HelloWorld\WFLite.RestSharp.HelloWorld.csproj", "{70FCD9B6-DED3-4E63-93A5-C5ACB5257E44}"
EndProject
Global
	GlobalSection(SolutionConfigurationPlatforms) = preSolution
		Debug|Any CPU = Debug|Any CPU
		Release|Any CPU = Release|Any CPU
	EndGlobalSection
	GlobalSection(ProjectConfigurationPlatforms) = postSolution
		{13EF6D3C-A2B2-4DA9-99A0-C6B688E61F4E}.Debug|Any CPU.ActiveCfg = Debug|Any CPU
		{13EF6D3C-A2B2-4DA9-99A0-C6B688E61F4E}.Debug|Any CPU.Build.0 = Debug|Any CPU
		{13EF6D3C-A2B2-4DA9-99A0-C6B688E61F4E}.Release|Any CPU.ActiveCfg = Release|Any CPU
		{13EF6D3C-A2B2-4DA9-99A0-C6B688E61F4E}.Release|Any CPU.Build.0 = Release|Any CPU
		{70FCD9B6-DED3-4E63-93A5-C5ACB5257E44}.Debug|Any CPU.ActiveCfg = Debug|Any CPU
		{70FCD9B6-DED3-4E63-93A5-C5ACB5257E44}.Debug|Any CPU.Build.0 = Debug|Any CPU
		{70FCD9B6-DED3-4E63-93A5-C5ACB5257E44}.Release|Any CPU.ActiveCfg = Release|Any CPU
		{70FCD9B6-DED3-4E63-93A5-C5ACB5257E44}.Release|Any CPU.Build.0 = Release|Any CPU
	EndGlobalSection
	GlobalSection(SolutionProperties) = preSolution
		HideSolutionNode = FALSE
	EndGlobalSection
	GlobalSection(ExtensibilityGlobals) = postSolution
		SolutionGuid = {4564E554-E1C2-4FFF-90E4-82A7DF245463}
	EndGlobalSection
EndGlobal
